
Microsoft Visual Studio Solution File, Format Version 12.00
# Visual Studio 15
VisualStudioVersion = 15.0.26124.0
MinimumVisualStudioVersion = 15.0.26124.0
Project("{FAE04EC0-301F-11D3-BF4B-00C04F79EFBC}") = "bEmu", "bEmu\bEmu.csproj", "{11B08519-0012-4872-9C61-CD77D4389602}"
EndProject
Project("{FAE04EC0-301F-11D3-BF4B-00C04F79EFBC}") = "Core", "Core\Core.csproj", "{BC7D237A-6940-4012-91A0-47B1599B3D23}"
EndProject
Project("{FAE04EC0-301F-11D3-BF4B-00C04F79EFBC}") = "Tests", "Tests\Tests.csproj", "{2675D127-A220-4B52-854A-48949649A406}"
EndProject
Global
	GlobalSection(SolutionConfigurationPlatforms) = preSolution
		Debug|Any CPU = Debug|Any CPU
		Debug|x64 = Debug|x64
		Debug|x86 = Debug|x86
		Release|Any CPU = Release|Any CPU
		Release|x64 = Release|x64
		Release|x86 = Release|x86
	EndGlobalSection
	GlobalSection(SolutionProperties) = preSolution
		HideSolutionNode = FALSE
	EndGlobalSection
	GlobalSection(ProjectConfigurationPlatforms) = postSolution
		{11B08519-0012-4872-9C61-CD77D4389602}.Debug|Any CPU.ActiveCfg = Debug|Any CPU
		{11B08519-0012-4872-9C61-CD77D4389602}.Debug|Any CPU.Build.0 = Debug|Any CPU
		{11B08519-0012-4872-9C61-CD77D4389602}.Debug|x64.ActiveCfg = Debug|Any CPU
		{11B08519-0012-4872-9C61-CD77D4389602}.Debug|x64.Build.0 = Debug|Any CPU
		{11B08519-0012-4872-9C61-CD77D4389602}.Debug|x86.ActiveCfg = Debug|Any CPU
		{11B08519-0012-4872-9C61-CD77D4389602}.Debug|x86.Build.0 = Debug|Any CPU
		{11B08519-0012-4872-9C61-CD77D4389602}.Release|Any CPU.ActiveCfg = Release|Any CPU
		{11B08519-0012-4872-9C61-CD77D4389602}.Release|Any CPU.Build.0 = Release|Any CPU
		{11B08519-0012-4872-9C61-CD77D4389602}.Release|x64.ActiveCfg = Release|Any CPU
		{11B08519-0012-4872-9C61-CD77D4389602}.Release|x64.Build.0 = Release|Any CPU
		{11B08519-0012-4872-9C61-CD77D4389602}.Release|x86.ActiveCfg = Release|Any CPU
		{11B08519-0012-4872-9C61-CD77D4389602}.Release|x86.Build.0 = Release|Any CPU
		{85F61D25-A0B8-4FB0-8847-B37CD1152D65}.Debug|Any CPU.ActiveCfg = Debug|Any CPU
		{85F61D25-A0B8-4FB0-8847-B37CD1152D65}.Debug|Any CPU.Build.0 = Debug|Any CPU
		{85F61D25-A0B8-4FB0-8847-B37CD1152D65}.Debug|x64.ActiveCfg = Debug|Any CPU
		{85F61D25-A0B8-4FB0-8847-B37CD1152D65}.Debug|x64.Build.0 = Debug|Any CPU
		{85F61D25-A0B8-4FB0-8847-B37CD1152D65}.Debug|x86.ActiveCfg = Debug|Any CPU
		{85F61D25-A0B8-4FB0-8847-B37CD1152D65}.Debug|x86.Build.0 = Debug|Any CPU
		{85F61D25-A0B8-4FB0-8847-B37CD1152D65}.Release|Any CPU.ActiveCfg = Release|Any CPU
		{85F61D25-A0B8-4FB0-8847-B37CD1152D65}.Release|Any CPU.Build.0 = Release|Any CPU
		{85F61D25-A0B8-4FB0-8847-B37CD1152D65}.Release|x64.ActiveCfg = Release|Any CPU
		{85F61D25-A0B8-4FB0-8847-B37CD1152D65}.Release|x64.Build.0 = Release|Any CPU
		{85F61D25-A0B8-4FB0-8847-B37CD1152D65}.Release|x86.ActiveCfg = Release|Any CPU
		{85F61D25-A0B8-4FB0-8847-B37CD1152D65}.Release|x86.Build.0 = Release|Any CPU
		{BC7D237A-6940-4012-91A0-47B1599B3D23}.Debug|Any CPU.ActiveCfg = Debug|Any CPU
		{BC7D237A-6940-4012-91A0-47B1599B3D23}.Debug|Any CPU.Build.0 = Debug|Any CPU
		{BC7D237A-6940-4012-91A0-47B1599B3D23}.Debug|x64.ActiveCfg = Debug|Any CPU
		{BC7D237A-6940-4012-91A0-47B1599B3D23}.Debug|x64.Build.0 = Debug|Any CPU
		{BC7D237A-6940-4012-91A0-47B1599B3D23}.Debug|x86.ActiveCfg = Debug|Any CPU
		{BC7D237A-6940-4012-91A0-47B1599B3D23}.Debug|x86.Build.0 = Debug|Any CPU
		{BC7D237A-6940-4012-91A0-47B1599B3D23}.Release|Any CPU.ActiveCfg = Release|Any CPU
		{BC7D237A-6940-4012-91A0-47B1599B3D23}.Release|Any CPU.Build.0 = Release|Any CPU
		{BC7D237A-6940-4012-91A0-47B1599B3D23}.Release|x64.ActiveCfg = Release|Any CPU
		{BC7D237A-6940-4012-91A0-47B1599B3D23}.Release|x64.Build.0 = Release|Any CPU
		{BC7D237A-6940-4012-91A0-47B1599B3D23}.Release|x86.ActiveCfg = Release|Any CPU
		{BC7D237A-6940-4012-91A0-47B1599B3D23}.Release|x86.Build.0 = Release|Any CPU
		{2675D127-A220-4B52-854A-48949649A406}.Debug|Any CPU.ActiveCfg = Debug|Any CPU
		{2675D127-A220-4B52-854A-48949649A406}.Debug|Any CPU.Build.0 = Debug|Any CPU
		{2675D127-A220-4B52-854A-48949649A406}.Debug|x64.ActiveCfg = Debug|Any CPU
		{2675D127-A220-4B52-854A-48949649A406}.Debug|x64.Build.0 = Debug|Any CPU
		{2675D127-A220-4B52-854A-48949649A406}.Debug|x86.ActiveCfg = Debug|Any CPU
		{2675D127-A220-4B52-854A-48949649A406}.Debug|x86.Build.0 = Debug|Any CPU
		{2675D127-A220-4B52-854A-48949649A406}.Release|Any CPU.ActiveCfg = Release|Any CPU
		{2675D127-A220-4B52-854A-48949649A406}.Release|Any CPU.Build.0 = Release|Any CPU
		{2675D127-A220-4B52-854A-48949649A406}.Release|x64.ActiveCfg = Release|Any CPU
		{2675D127-A220-4B52-854A-48949649A406}.Release|x64.Build.0 = Release|Any CPU
		{2675D127-A220-4B52-854A-48949649A406}.Release|x86.ActiveCfg = Release|Any CPU
		{2675D127-A220-4B52-854A-48949649A406}.Release|x86.Build.0 = Release|Any CPU
	EndGlobalSection
EndGlobal
